
Microsoft Visual Studio Solution File, Format Version 12.00
# Visual Studio Version 17
VisualStudioVersion = 17.3.32929.385
MinimumVisualStudioVersion = 10.0.40219.1
Project("{9A19103F-16F7-4668-BE54-9A1E7A4F7556}") = "Api", "Api\Api.csproj", "{76A3A8EE-4048-45B4-B753-595A4F9DD930}"
EndProject
Project("{9A19103F-16F7-4668-BE54-9A1E7A4F7556}") = "DAL", "DAL\DAL.csproj", "{6AE70A3A-D395-455E-9311-AA5B10574C83}"
EndProject
Project("{FAE04EC0-301F-11D3-BF4B-00C04F79EFBC}") = "Common", "Common\Common.csproj", "{CE01DF85-CBDA-421B-B697-C22949C53A11}"
EndProject
Global
	GlobalSection(SolutionConfigurationPlatforms) = preSolution
		Debug|Any CPU = Debug|Any CPU
		Release|Any CPU = Release|Any CPU
	EndGlobalSection
	GlobalSection(ProjectConfigurationPlatforms) = postSolution
		{76A3A8EE-4048-45B4-B753-595A4F9DD930}.Debug|Any CPU.ActiveCfg = Debug|Any CPU
		{76A3A8EE-4048-45B4-B753-595A4F9DD930}.Debug|Any CPU.Build.0 = Debug|Any CPU
		{76A3A8EE-4048-45B4-B753-595A4F9DD930}.Release|Any CPU.ActiveCfg = Release|Any CPU
		{76A3A8EE-4048-45B4-B753-595A4F9DD930}.Release|Any CPU.Build.0 = Release|Any CPU
		{6AE70A3A-D395-455E-9311-AA5B10574C83}.Debug|Any CPU.ActiveCfg = Debug|Any CPU
		{6AE70A3A-D395-455E-9311-AA5B10574C83}.Debug|Any CPU.Build.0 = Debug|Any CPU
		{6AE70A3A-D395-455E-9311-AA5B10574C83}.Release|Any CPU.ActiveCfg = Release|Any CPU
		{6AE70A3A-D395-455E-9311-AA5B10574C83}.Release|Any CPU.Build.0 = Release|Any CPU
		{CE01DF85-CBDA-421B-B697-C22949C53A11}.Debug|Any CPU.ActiveCfg = Debug|Any CPU
		{CE01DF85-CBDA-421B-B697-C22949C53A11}.Debug|Any CPU.Build.0 = Debug|Any CPU
		{CE01DF85-CBDA-421B-B697-C22949C53A11}.Release|Any CPU.ActiveCfg = Release|Any CPU
		{CE01DF85-CBDA-421B-B697-C22949C53A11}.Release|Any CPU.Build.0 = Release|Any CPU
	EndGlobalSection
	GlobalSection(SolutionProperties) = preSolution
		HideSolutionNode = FALSE
	EndGlobalSection
	GlobalSection(ExtensibilityGlobals) = postSolution
		SolutionGuid = {7286C4CD-C438-400E-A836-58CACE493D70}
	EndGlobalSection
EndGlobal
